
Microsoft Visual Studio Solution File, Format Version 11.00
# Visual Studio 2010
Project("{FAE04EC0-301F-11D3-BF4B-00C04F79EFBC}") = "Beast", "Beast\Beast.csproj", "{8017C3D1-1546-4C16-8A5B-B5F00928F2D2}"
EndProject
Project("{FAE04EC0-301F-11D3-BF4B-00C04F79EFBC}") = "Beast.Text", "Beast.Text\Beast.Text.csproj", "{BC7576AF-35E9-4000-93F5-DF53EE1EB745}"
EndProject
Project("{FAE04EC0-301F-11D3-BF4B-00C04F79EFBC}") = "Beast.Tests", "Beast.Tests\Beast.Tests.csproj", "{0B3ADC15-D909-4EA6-9BBB-29667576942C}"
EndProject
Project("{2150E333-8FDC-42A3-9474-1A3956D46DE8}") = "Solution Items", "Solution Items", "{300B1083-3FA8-47C1-9B40-F6426AB391EF}"
	ProjectSection(SolutionItems) = preProject
		BeastMUD.vsmdi = BeastMUD.vsmdi
		Local.testsettings = Local.testsettings
		TraceAndTestImpact.testsettings = TraceAndTestImpact.testsettings
	EndProjectSection
EndProject
Project("{2150E333-8FDC-42A3-9474-1A3956D46DE8}") = "Tests", "Tests", "{B1AF9EC6-A278-402C-8A7D-079D2216DF79}"
EndProject
Project("{2150E333-8FDC-42A3-9474-1A3956D46DE8}") = "Common", "Common", "{980898B7-41C1-4047-865E-9CDA1FE4BB67}"
EndProject
Project("{2150E333-8FDC-42A3-9474-1A3956D46DE8}") = "Data", "Data", "{E744EE2B-5513-4733-B211-1F4599ED6A3B}"
EndProject
Project("{FAE04EC0-301F-11D3-BF4B-00C04F79EFBC}") = "Beast.Data.MongoDb", "Beast.Data.MongoDb\Beast.Data.MongoDb.csproj", "{DD541545-516F-4717-A3BA-414CCB0D5454}"
EndProject
Project("{2150E333-8FDC-42A3-9474-1A3956D46DE8}") = "Editor", "Editor", "{C81FDADD-E257-456D-922F-98B6E4D4193E}"
EndProject
Project("{2150E333-8FDC-42A3-9474-1A3956D46DE8}") = "AssemblyInfo", "AssemblyInfo", "{C3541584-C0B9-46AE-8D62-05DFC3387CFA}"
	ProjectSection(SolutionItems) = preProject
		GlobalAssemblyInfo.cs = GlobalAssemblyInfo.cs
	EndProjectSection
EndProject
Project("{FAE04EC0-301F-11D3-BF4B-00C04F79EFBC}") = "Beast.Web", "Beast.Web\Beast.Web.csproj", "{1DCAFC45-7813-4183-A4EE-DF19DDE8CB7B}"
EndProject
Project("{FAE04EC0-301F-11D3-BF4B-00C04F79EFBC}") = "Beast.Web.Host", "Beast.Web.Host\Beast.Web.Host.csproj", "{2687A343-CE39-4A41-BB36-BE4DE3F8DA93}"
EndProject
Project("{FAE04EC0-301F-11D3-BF4B-00C04F79EFBC}") = "Beast.Web.Editor", "Beast.Web.Editor\Beast.Web.Editor.csproj", "{16D8FC55-0213-461B-847E-3A213CBD2414}"
EndProject
Global
	GlobalSection(TestCaseManagementSettings) = postSolution
		CategoryFile = BeastMUD.vsmdi
	EndGlobalSection
	GlobalSection(SolutionConfigurationPlatforms) = preSolution
		Debug|Any CPU = Debug|Any CPU
		Debug|Mixed Platforms = Debug|Mixed Platforms
		Debug|x86 = Debug|x86
		Release|Any CPU = Release|Any CPU
		Release|Mixed Platforms = Release|Mixed Platforms
		Release|x86 = Release|x86
	EndGlobalSection
	GlobalSection(ProjectConfigurationPlatforms) = postSolution
		{8017C3D1-1546-4C16-8A5B-B5F00928F2D2}.Debug|Any CPU.ActiveCfg = Debug|Any CPU
		{8017C3D1-1546-4C16-8A5B-B5F00928F2D2}.Debug|Any CPU.Build.0 = Debug|Any CPU
		{8017C3D1-1546-4C16-8A5B-B5F00928F2D2}.Debug|Mixed Platforms.ActiveCfg = Debug|Any CPU
		{8017C3D1-1546-4C16-8A5B-B5F00928F2D2}.Debug|Mixed Platforms.Build.0 = Debug|Any CPU
		{8017C3D1-1546-4C16-8A5B-B5F00928F2D2}.Debug|x86.ActiveCfg = Debug|Any CPU
		{8017C3D1-1546-4C16-8A5B-B5F00928F2D2}.Release|Any CPU.ActiveCfg = Release|Any CPU
		{8017C3D1-1546-4C16-8A5B-B5F00928F2D2}.Release|Any CPU.Build.0 = Release|Any CPU
		{8017C3D1-1546-4C16-8A5B-B5F00928F2D2}.Release|Mixed Platforms.ActiveCfg = Release|Any CPU
		{8017C3D1-1546-4C16-8A5B-B5F00928F2D2}.Release|Mixed Platforms.Build.0 = Release|Any CPU
		{8017C3D1-1546-4C16-8A5B-B5F00928F2D2}.Release|x86.ActiveCfg = Release|Any CPU
		{BC7576AF-35E9-4000-93F5-DF53EE1EB745}.Debug|Any CPU.ActiveCfg = Debug|Any CPU
		{BC7576AF-35E9-4000-93F5-DF53EE1EB745}.Debug|Any CPU.Build.0 = Debug|Any CPU
		{BC7576AF-35E9-4000-93F5-DF53EE1EB745}.Debug|Mixed Platforms.ActiveCfg = Debug|Any CPU
		{BC7576AF-35E9-4000-93F5-DF53EE1EB745}.Debug|Mixed Platforms.Build.0 = Debug|Any CPU
		{BC7576AF-35E9-4000-93F5-DF53EE1EB745}.Debug|x86.ActiveCfg = Debug|Any CPU
		{BC7576AF-35E9-4000-93F5-DF53EE1EB745}.Release|Any CPU.ActiveCfg = Release|Any CPU
		{BC7576AF-35E9-4000-93F5-DF53EE1EB745}.Release|Any CPU.Build.0 = Release|Any CPU
		{BC7576AF-35E9-4000-93F5-DF53EE1EB745}.Release|Mixed Platforms.ActiveCfg = Release|Any CPU
		{BC7576AF-35E9-4000-93F5-DF53EE1EB745}.Release|Mixed Platforms.Build.0 = Release|Any CPU
		{BC7576AF-35E9-4000-93F5-DF53EE1EB745}.Release|x86.ActiveCfg = Release|Any CPU
		{0B3ADC15-D909-4EA6-9BBB-29667576942C}.Debug|Any CPU.ActiveCfg = Debug|Any CPU
		{0B3ADC15-D909-4EA6-9BBB-29667576942C}.Debug|Any CPU.Build.0 = Debug|Any CPU
		{0B3ADC15-D909-4EA6-9BBB-29667576942C}.Debug|Mixed Platforms.ActiveCfg = Debug|Any CPU
		{0B3ADC15-D909-4EA6-9BBB-29667576942C}.Debug|Mixed Platforms.Build.0 = Debug|Any CPU
		{0B3ADC15-D909-4EA6-9BBB-29667576942C}.Debug|x86.ActiveCfg = Debug|Any CPU
		{0B3ADC15-D909-4EA6-9BBB-29667576942C}.Release|Any CPU.ActiveCfg = Release|Any CPU
		{0B3ADC15-D909-4EA6-9BBB-29667576942C}.Release|Any CPU.Build.0 = Release|Any CPU
		{0B3ADC15-D909-4EA6-9BBB-29667576942C}.Release|Mixed Platforms.ActiveCfg = Release|Any CPU
		{0B3ADC15-D909-4EA6-9BBB-29667576942C}.Release|Mixed Platforms.Build.0 = Release|Any CPU
		{0B3ADC15-D909-4EA6-9BBB-29667576942C}.Release|x86.ActiveCfg = Release|Any CPU
		{DD541545-516F-4717-A3BA-414CCB0D5454}.Debug|Any CPU.ActiveCfg = Debug|Any CPU
		{DD541545-516F-4717-A3BA-414CCB0D5454}.Debug|Any CPU.Build.0 = Debug|Any CPU
		{DD541545-516F-4717-A3BA-414CCB0D5454}.Debug|Mixed Platforms.ActiveCfg = Debug|Any CPU
		{DD541545-516F-4717-A3BA-414CCB0D5454}.Debug|Mixed Platforms.Build.0 = Debug|Any CPU
		{DD541545-516F-4717-A3BA-414CCB0D5454}.Debug|x86.ActiveCfg = Debug|Any CPU
		{DD541545-516F-4717-A3BA-414CCB0D5454}.Release|Any CPU.ActiveCfg = Release|Any CPU
		{DD541545-516F-4717-A3BA-414CCB0D5454}.Release|Any CPU.Build.0 = Release|Any CPU
		{DD541545-516F-4717-A3BA-414CCB0D5454}.Release|Mixed Platforms.ActiveCfg = Release|Any CPU
		{DD541545-516F-4717-A3BA-414CCB0D5454}.Release|Mixed Platforms.Build.0 = Release|Any CPU
		{DD541545-516F-4717-A3BA-414CCB0D5454}.Release|x86.ActiveCfg = Release|Any CPU
		{1DCAFC45-7813-4183-A4EE-DF19DDE8CB7B}.Debug|Any CPU.ActiveCfg = Debug|Any CPU
		{1DCAFC45-7813-4183-A4EE-DF19DDE8CB7B}.Debug|Any CPU.Build.0 = Debug|Any CPU
		{1DCAFC45-7813-4183-A4EE-DF19DDE8CB7B}.Debug|Mixed Platforms.ActiveCfg = Debug|Any CPU
		{1DCAFC45-7813-4183-A4EE-DF19DDE8CB7B}.Debug|Mixed Platforms.Build.0 = Debug|Any CPU
		{1DCAFC45-7813-4183-A4EE-DF19DDE8CB7B}.Debug|x86.ActiveCfg = Debug|Any CPU
		{1DCAFC45-7813-4183-A4EE-DF19DDE8CB7B}.Release|Any CPU.ActiveCfg = Release|Any CPU
		{1DCAFC45-7813-4183-A4EE-DF19DDE8CB7B}.Release|Any CPU.Build.0 = Release|Any CPU
		{1DCAFC45-7813-4183-A4EE-DF19DDE8CB7B}.Release|Mixed Platforms.ActiveCfg = Release|Any CPU
		{1DCAFC45-7813-4183-A4EE-DF19DDE8CB7B}.Release|Mixed Platforms.Build.0 = Release|Any CPU
		{1DCAFC45-7813-4183-A4EE-DF19DDE8CB7B}.Release|x86.ActiveCfg = Release|Any CPU
		{2687A343-CE39-4A41-BB36-BE4DE3F8DA93}.Debug|Any CPU.ActiveCfg = Debug|Any CPU
		{2687A343-CE39-4A41-BB36-BE4DE3F8DA93}.Debug|Any CPU.Build.0 = Debug|Any CPU
		{2687A343-CE39-4A41-BB36-BE4DE3F8DA93}.Debug|Mixed Platforms.ActiveCfg = Debug|Any CPU
		{2687A343-CE39-4A41-BB36-BE4DE3F8DA93}.Debug|Mixed Platforms.Build.0 = Debug|Any CPU
		{2687A343-CE39-4A41-BB36-BE4DE3F8DA93}.Debug|x86.ActiveCfg = Debug|Any CPU
		{2687A343-CE39-4A41-BB36-BE4DE3F8DA93}.Release|Any CPU.ActiveCfg = Release|Any CPU
		{2687A343-CE39-4A41-BB36-BE4DE3F8DA93}.Release|Any CPU.Build.0 = Release|Any CPU
		{2687A343-CE39-4A41-BB36-BE4DE3F8DA93}.Release|Mixed Platforms.ActiveCfg = Release|Any CPU
		{2687A343-CE39-4A41-BB36-BE4DE3F8DA93}.Release|Mixed Platforms.Build.0 = Release|Any CPU
		{2687A343-CE39-4A41-BB36-BE4DE3F8DA93}.Release|x86.ActiveCfg = Release|Any CPU
		{16D8FC55-0213-461B-847E-3A213CBD2414}.Debug|Any CPU.ActiveCfg = Debug|Any CPU
		{16D8FC55-0213-461B-847E-3A213CBD2414}.Debug|Any CPU.Build.0 = Debug|Any CPU
		{16D8FC55-0213-461B-847E-3A213CBD2414}.Debug|Mixed Platforms.ActiveCfg = Debug|Any CPU
		{16D8FC55-0213-461B-847E-3A213CBD2414}.Debug|Mixed Platforms.Build.0 = Debug|Any CPU
		{16D8FC55-0213-461B-847E-3A213CBD2414}.Debug|x86.ActiveCfg = Debug|Any CPU
		{16D8FC55-0213-461B-847E-3A213CBD2414}.Release|Any CPU.ActiveCfg = Release|Any CPU
		{16D8FC55-0213-461B-847E-3A213CBD2414}.Release|Any CPU.Build.0 = Release|Any CPU
		{16D8FC55-0213-461B-847E-3A213CBD2414}.Release|Mixed Platforms.ActiveCfg = Release|Any CPU
		{16D8FC55-0213-461B-847E-3A213CBD2414}.Release|Mixed Platforms.Build.0 = Release|Any CPU
		{16D8FC55-0213-461B-847E-3A213CBD2414}.Release|x86.ActiveCfg = Release|Any CPU
	EndGlobalSection
	GlobalSection(SolutionProperties) = preSolution
		HideSolutionNode = FALSE
	EndGlobalSection
	GlobalSection(NestedProjects) = preSolution
		{BC7576AF-35E9-4000-93F5-DF53EE1EB745} = {980898B7-41C1-4047-865E-9CDA1FE4BB67}
		{8017C3D1-1546-4C16-8A5B-B5F00928F2D2} = {980898B7-41C1-4047-865E-9CDA1FE4BB67}
		{1DCAFC45-7813-4183-A4EE-DF19DDE8CB7B} = {980898B7-41C1-4047-865E-9CDA1FE4BB67}
		{300B1083-3FA8-47C1-9B40-F6426AB391EF} = {B1AF9EC6-A278-402C-8A7D-079D2216DF79}
		{0B3ADC15-D909-4EA6-9BBB-29667576942C} = {B1AF9EC6-A278-402C-8A7D-079D2216DF79}
		{DD541545-516F-4717-A3BA-414CCB0D5454} = {E744EE2B-5513-4733-B211-1F4599ED6A3B}
		{16D8FC55-0213-461B-847E-3A213CBD2414} = {C81FDADD-E257-456D-922F-98B6E4D4193E}
	EndGlobalSection
EndGlobal
